
Microsoft Visual Studio Solution File, Format Version 12.00
# Visual Studio Version 16
VisualStudioVersion = 16.0.29709.97
MinimumVisualStudioVersion = 10.0.40219.1
Project("{FAE04EC0-301F-11D3-BF4B-00C04F79EFBC}") = "MapStory.API", "MapStory.API.csproj", "{EE16509B-BFE6-4296-A572-0E52F27569B9}"
EndProject
Project("{FAE04EC0-301F-11D3-BF4B-00C04F79EFBC}") = "MapStory.Core", "..\MapStory.Core\MapStory.Core.csproj", "{271AC429-EFAD-4667-92B1-76D8CF9410A7}"
EndProject
Project("{FAE04EC0-301F-11D3-BF4B-00C04F79EFBC}") = "MapStory.Common", "..\MapStory.Common\MapStory.Common.csproj", "{81FE9884-0003-4C17-949A-BCEFAF88514E}"
EndProject
Project("{FAE04EC0-301F-11D3-BF4B-00C04F79EFBC}") = "MapStory.DataAccess", "..\MapStory.DataAccess\MapStory.DataAccess.csproj", "{9FB2F2E1-EC95-42AD-8741-8A7124B6222C}"
EndProject
Project("{FAE04EC0-301F-11D3-BF4B-00C04F79EFBC}") = "MapStory.Services", "..\MapStory.Services\MapStory.Services.csproj", "{58ACECCB-1E8E-407D-BACE-8AD5167386C1}"
EndProject
Global
	GlobalSection(SolutionConfigurationPlatforms) = preSolution
		Debug|Any CPU = Debug|Any CPU
		Release|Any CPU = Release|Any CPU
	EndGlobalSection
	GlobalSection(ProjectConfigurationPlatforms) = postSolution
		{EE16509B-BFE6-4296-A572-0E52F27569B9}.Debug|Any CPU.ActiveCfg = Debug|Any CPU
		{EE16509B-BFE6-4296-A572-0E52F27569B9}.Debug|Any CPU.Build.0 = Debug|Any CPU
		{EE16509B-BFE6-4296-A572-0E52F27569B9}.Release|Any CPU.ActiveCfg = Release|Any CPU
		{EE16509B-BFE6-4296-A572-0E52F27569B9}.Release|Any CPU.Build.0 = Release|Any CPU
		{271AC429-EFAD-4667-92B1-76D8CF9410A7}.Debug|Any CPU.ActiveCfg = Debug|Any CPU
		{271AC429-EFAD-4667-92B1-76D8CF9410A7}.Debug|Any CPU.Build.0 = Debug|Any CPU
		{271AC429-EFAD-4667-92B1-76D8CF9410A7}.Release|Any CPU.ActiveCfg = Release|Any CPU
		{271AC429-EFAD-4667-92B1-76D8CF9410A7}.Release|Any CPU.Build.0 = Release|Any CPU
		{81FE9884-0003-4C17-949A-BCEFAF88514E}.Debug|Any CPU.ActiveCfg = Debug|Any CPU
		{81FE9884-0003-4C17-949A-BCEFAF88514E}.Debug|Any CPU.Build.0 = Debug|Any CPU
		{81FE9884-0003-4C17-949A-BCEFAF88514E}.Release|Any CPU.ActiveCfg = Release|Any CPU
		{81FE9884-0003-4C17-949A-BCEFAF88514E}.Release|Any CPU.Build.0 = Release|Any CPU
		{9FB2F2E1-EC95-42AD-8741-8A7124B6222C}.Debug|Any CPU.ActiveCfg = Debug|Any CPU
		{9FB2F2E1-EC95-42AD-8741-8A7124B6222C}.Debug|Any CPU.Build.0 = Debug|Any CPU
		{9FB2F2E1-EC95-42AD-8741-8A7124B6222C}.Release|Any CPU.ActiveCfg = Release|Any CPU
		{9FB2F2E1-EC95-42AD-8741-8A7124B6222C}.Release|Any CPU.Build.0 = Release|Any CPU
		{58ACECCB-1E8E-407D-BACE-8AD5167386C1}.Debug|Any CPU.ActiveCfg = Debug|Any CPU
		{58ACECCB-1E8E-407D-BACE-8AD5167386C1}.Debug|Any CPU.Build.0 = Debug|Any CPU
		{58ACECCB-1E8E-407D-BACE-8AD5167386C1}.Release|Any CPU.ActiveCfg = Release|Any CPU
		{58ACECCB-1E8E-407D-BACE-8AD5167386C1}.Release|Any CPU.Build.0 = Release|Any CPU
	EndGlobalSection
	GlobalSection(SolutionProperties) = preSolution
		HideSolutionNode = FALSE
	EndGlobalSection
	GlobalSection(ExtensibilityGlobals) = postSolution
		SolutionGuid = {3DE88063-2219-4C77-A911-12DEDF4BC238}
	EndGlobalSection
EndGlobal
